
Microsoft Visual Studio Solution File, Format Version 12.00
# Visual Studio Version 17
VisualStudioVersion = 17.7.34024.191
MinimumVisualStudioVersion = 10.0.40219.1
Project("{FAE04EC0-301F-11D3-BF4B-00C04F79EFBC}") = "ConsoleApp1HomeTask2", "ConsoleApp1HomeTask2\ConsoleApp1HomeTask2.csproj", "{E0A979AD-2957-4EC6-B5D1-671A17A2D5C9}"
EndProject
Global
	GlobalSection(SolutionConfigurationPlatforms) = preSolution
		Debug|Any CPU = Debug|Any CPU
		Release|Any CPU = Release|Any CPU
	EndGlobalSection
	GlobalSection(ProjectConfigurationPlatforms) = postSolution
		{E0A979AD-2957-4EC6-B5D1-671A17A2D5C9}.Debug|Any CPU.ActiveCfg = Debug|Any CPU
		{E0A979AD-2957-4EC6-B5D1-671A17A2D5C9}.Debug|Any CPU.Build.0 = Debug|Any CPU
		{E0A979AD-2957-4EC6-B5D1-671A17A2D5C9}.Release|Any CPU.ActiveCfg = Release|Any CPU
		{E0A979AD-2957-4EC6-B5D1-671A17A2D5C9}.Release|Any CPU.Build.0 = Release|Any CPU
	EndGlobalSection
	GlobalSection(SolutionProperties) = preSolution
		HideSolutionNode = FALSE
	EndGlobalSection
	GlobalSection(ExtensibilityGlobals) = postSolution
		SolutionGuid = {219CF0E9-C6B1-4FDE-A074-C8AB79AB8BB1}
	EndGlobalSection
EndGlobal
